// !$*UTF8*$!
{
	archiveVersion = 1;
	classes = {
	};
	objectVersion = 50;
	objects = {

/* Begin PBXBuildFile section */
		B63E83D22215720200AEA1CA /* AppDelegate.swift in Sources */ = {isa = PBXBuildFile; fileRef = B63E83D12215720200AEA1CA /* AppDelegate.swift */; };
		B63E83D42215720200AEA1CA /* ViewController.swift in Sources */ = {isa = PBXBuildFile; fileRef = B63E83D32215720200AEA1CA /* ViewController.swift */; };
		B63E83D72215720200AEA1CA /* Main.storyboard in Resources */ = {isa = PBXBuildFile; fileRef = B63E83D52215720200AEA1CA /* Main.storyboard */; };
		B63E83D92215720700AEA1CA /* Assets.xcassets in Resources */ = {isa = PBXBuildFile; fileRef = B63E83D82215720700AEA1CA /* Assets.xcassets */; };
		B63E83DC2215720700AEA1CA /* LaunchScreen.storyboard in Resources */ = {isa = PBXBuildFile; fileRef = B63E83DA2215720700AEA1CA /* LaunchScreen.storyboard */; };
		B63E83E5221574F400AEA1CA /* Apollo.framework in Frameworks */ = {isa = PBXBuildFile; fileRef = B63E83E4221574F400AEA1CA /* Apollo.framework */; };
		B63E83E922157E2900AEA1CA /* schema.json in Resources */ = {isa = PBXBuildFile; fileRef = B63E83E822157E2900AEA1CA /* schema.json */; };
		B63E83EB2215816800AEA1CA /* query.graphql in Resources */ = {isa = PBXBuildFile; fileRef = B63E83EA2215816800AEA1CA /* query.graphql */; };
		B63E83ED2215859D00AEA1CA /* API.swift in Sources */ = {isa = PBXBuildFile; fileRef = B63E83EC2215859D00AEA1CA /* API.swift */; };
/* End PBXBuildFile section */

/* Begin PBXFileReference section */
		B63E83CE2215720200AEA1CA /* GitHubClient.app */ = {isa = PBXFileReference; explicitFileType = wrapper.application; includeInIndex = 0; path = GitHubClient.app; sourceTree = BUILT_PRODUCTS_DIR; };
		B63E83D12215720200AEA1CA /* AppDelegate.swift */ = {isa = PBXFileReference; lastKnownFileType = sourcecode.swift; path = AppDelegate.swift; sourceTree = "<group>"; };
		B63E83D32215720200AEA1CA /* ViewController.swift */ = {isa = PBXFileReference; lastKnownFileType = sourcecode.swift; path = ViewController.swift; sourceTree = "<group>"; };
		B63E83D62215720200AEA1CA /* Base */ = {isa = PBXFileReference; lastKnownFileType = file.storyboard; name = Base; path = Base.lproj/Main.storyboard; sourceTree = "<group>"; };
		B63E83D82215720700AEA1CA /* Assets.xcassets */ = {isa = PBXFileReference; lastKnownFileType = folder.assetcatalog; path = Assets.xcassets; sourceTree = "<group>"; };
		B63E83DB2215720700AEA1CA /* Base */ = {isa = PBXFileReference; lastKnownFileType = file.storyboard; name = Base; path = Base.lproj/LaunchScreen.storyboard; sourceTree = "<group>"; };
		B63E83DD2215720700AEA1CA /* Info.plist */ = {isa = PBXFileReference; lastKnownFileType = text.plist.xml; path = Info.plist; sourceTree = "<group>"; };
		B63E83E4221574F400AEA1CA /* Apollo.framework */ = {isa = PBXFileReference; lastKnownFileType = wrapper.framework; name = Apollo.framework; path = Carthage/Build/iOS/Apollo.framework; sourceTree = "<group>"; };
		B63E83E822157E2900AEA1CA /* schema.json */ = {isa = PBXFileReference; fileEncoding = 4; lastKnownFileType = text.json; path = schema.json; sourceTree = SOURCE_ROOT; };
		B63E83EA2215816800AEA1CA /* query.graphql */ = {isa = PBXFileReference; lastKnownFileType = text; path = query.graphql; sourceTree = SOURCE_ROOT; };
		B63E83EC2215859D00AEA1CA /* API.swift */ = {isa = PBXFileReference; fileEncoding = 4; lastKnownFileType = sourcecode.swift; path = API.swift; sourceTree = SOURCE_ROOT; };
/* End PBXFileReference section */

/* Begin PBXFrameworksBuildPhase section */
		B63E83CB2215720200AEA1CA /* Frameworks */ = {
			isa = PBXFrameworksBuildPhase;
			buildActionMask = 2147483647;
			files = (
				B63E83E5221574F400AEA1CA /* Apollo.framework in Frameworks */,
			);
			runOnlyForDeploymentPostprocessing = 0;
		};
/* End PBXFrameworksBuildPhase section */

/* Begin PBXGroup section */
		B63E83C52215720200AEA1CA = {
			isa = PBXGroup;
			children = (
				B63E83D02215720200AEA1CA /* GitHubClient */,
				B63E83CF2215720200AEA1CA /* Products */,
				B63E83E3221574F400AEA1CA /* Frameworks */,
			);
			sourceTree = "<group>";
		};
		B63E83CF2215720200AEA1CA /* Products */ = {
			isa = PBXGroup;
			children = (
				B63E83CE2215720200AEA1CA /* GitHubClient.app */,
			);
			name = Products;
			sourceTree = "<group>";
		};
		B63E83D02215720200AEA1CA /* GitHubClient */ = {
			isa = PBXGroup;
			children = (
				B63E83D12215720200AEA1CA /* AppDelegate.swift */,
				B63E83D32215720200AEA1CA /* ViewController.swift */,
				B63E83EC2215859D00AEA1CA /* API.swift */,
				B63E83D52215720200AEA1CA /* Main.storyboard */,
				B63E83D82215720700AEA1CA /* Assets.xcassets */,
				B63E83DA2215720700AEA1CA /* LaunchScreen.storyboard */,
				B63E83DD2215720700AEA1CA /* Info.plist */,
				B63E83E822157E2900AEA1CA /* schema.json */,
				B63E83EA2215816800AEA1CA /* query.graphql */,
			);
			path = GitHubClient;
			sourceTree = "<group>";
		};
		B63E83E3221574F400AEA1CA /* Frameworks */ = {
			isa = PBXGroup;
			children = (
				B63E83E4221574F400AEA1CA /* Apollo.framework */,
			);
			name = Frameworks;
			sourceTree = "<group>";
		};
/* End PBXGroup section */

/* Begin PBXNativeTarget section */
		B63E83CD2215720200AEA1CA /* GitHubClient */ = {
			isa = PBXNativeTarget;
			buildConfigurationList = B63E83E02215720700AEA1CA /* Build configuration list for PBXNativeTarget "GitHubClient" */;
			buildPhases = (
				B63E83CA2215720200AEA1CA /* Sources */,
				B63E83CB2215720200AEA1CA /* Frameworks */,
				B63E83CC2215720200AEA1CA /* Resources */,
				B63E83E62215750900AEA1CA /* Carthage */,
				B63E83E72215756A00AEA1CA /* Generate Apollo GraphQL API */,
			);
			buildRules = (
			);
			dependencies = (
			);
			name = GitHubClient;
			productName = GitHubClient;
			productReference = B63E83CE2215720200AEA1CA /* GitHubClient.app */;
			productType = "com.apple.product-type.application";
		};
/* End PBXNativeTarget section */

/* Begin PBXProject section */
		B63E83C62215720200AEA1CA /* Project object */ = {
			isa = PBXProject;
			attributes = {
				LastSwiftUpdateCheck = 1010;
				LastUpgradeCheck = 1010;
				ORGANIZATIONNAME = suwa.yuki;
				TargetAttributes = {
					B63E83CD2215720200AEA1CA = {
						CreatedOnToolsVersion = 10.1;
					};
				};
			};
			buildConfigurationList = B63E83C92215720200AEA1CA /* Build configuration list for PBXProject "GitHubClient" */;
			compatibilityVersion = "Xcode 9.3";
			developmentRegion = en;
			hasScannedForEncodings = 0;
			knownRegions = (
				en,
				Base,
			);
			mainGroup = B63E83C52215720200AEA1CA;
			productRefGroup = B63E83CF2215720200AEA1CA /* Products */;
			projectDirPath = "";
			projectRoot = "";
			targets = (
				B63E83CD2215720200AEA1CA /* GitHubClient */,
			);
		};
/* End PBXProject section */

/* Begin PBXResourcesBuildPhase section */
		B63E83CC2215720200AEA1CA /* Resources */ = {
			isa = PBXResourcesBuildPhase;
			buildActionMask = 2147483647;
			files = (
				B63E83EB2215816800AEA1CA /* query.graphql in Resources */,
				B63E83E922157E2900AEA1CA /* schema.json in Resources */,
				B63E83DC2215720700AEA1CA /* LaunchScreen.storyboard in Resources */,
				B63E83D92215720700AEA1CA /* Assets.xcassets in Resources */,
				B63E83D72215720200AEA1CA /* Main.storyboard in Resources */,
			);
			runOnlyForDeploymentPostprocessing = 0;
		};
/* End PBXResourcesBuildPhase section */

/* Begin PBXShellScriptBuildPhase section */
		B63E83E62215750900AEA1CA /* Carthage */ = {
			isa = PBXShellScriptBuildPhase;
			buildActionMask = 2147483647;
			files = (
			);
			inputFileListPaths = (
			);
			inputPaths = (
				"$(SRCROOT)/Carthage/Build/iOS/Apollo.framework",
			);
			name = Carthage;
			outputFileListPaths = (
			);
			outputPaths = (
			);
			runOnlyForDeploymentPostprocessing = 0;
			shellPath = /bin/sh;
			shellScript = "/usr/local/bin/carthage copy-frameworks\n";
		};
		B63E83E72215756A00AEA1CA /* Generate Apollo GraphQL API */ = {
			isa = PBXShellScriptBuildPhase;
			buildActionMask = 2147483647;
			files = (
			);
			inputFileListPaths = (
			);
			inputPaths = (
			);
			name = "Generate Apollo GraphQL API";
			outputFileListPaths = (
			);
			outputPaths = (
			);
			runOnlyForDeploymentPostprocessing = 0;
			shellPath = /bin/sh;
			shellScript = "apollo codegen:generate --queries=query.graphql --localSchemaFile=schema.json --target=swift API.swift\n";
		};
/* End PBXShellScriptBuildPhase section */

/* Begin PBXSourcesBuildPhase section */
		B63E83CA2215720200AEA1CA /* Sources */ = {
			isa = PBXSourcesBuildPhase;
			buildActionMask = 2147483647;
			files = (
				B63E83D42215720200AEA1CA /* ViewController.swift in Sources */,
				B63E83ED2215859D00AEA1CA /* API.swift in Sources */,
				B63E83D22215720200AEA1CA /* AppDelegate.swift in Sources */,
			);
			runOnlyForDeploymentPostprocessing = 0;
		};
/* End PBXSourcesBuildPhase section */

/* Begin PBXVariantGroup section */
		B63E83D52215720200AEA1CA /* Main.storyboard */ = {
			isa = PBXVariantGroup;
			children = (
				B63E83D62215720200AEA1CA /* Base */,
			);
			name = Main.storyboard;
			sourceTree = "<group>";
		};
		B63E83DA2215720700AEA1CA /* LaunchScreen.storyboard */ = {
			isa = PBXVariantGroup;
			children = (
				B63E83DB2215720700AEA1CA /* Base */,
			);
			name = LaunchScreen.storyboard;
			sourceTree = "<group>";
		};
/* End PBXVariantGroup section */

/* Begin XCBuildConfiguration section */
		B63E83DE2215720700AEA1CA /* Debug */ = {
			isa = XCBuildConfiguration;
			buildSettings = {
				ALWAYS_SEARCH_USER_PATHS = NO;
				CLANG_ANALYZER_NONNULL = YES;
				CLANG_ANALYZER_NUMBER_OBJECT_CONVERSION = YES_AGGRESSIVE;
				CLANG_CXX_LANGUAGE_STANDARD = "gnu++14";
				CLANG_CXX_LIBRARY = "libc++";
				CLANG_ENABLE_MODULES = YES;
				CLANG_ENABLE_OBJC_ARC = YES;
				CLANG_ENABLE_OBJC_WEAK = YES;
				CLANG_WARN_BLOCK_CAPTURE_AUTORELEASING = YES;
				CLANG_WARN_BOOL_CONVERSION = YES;
				CLANG_WARN_COMMA = YES;
				CLANG_WARN_CONSTANT_CONVERSION = YES;
				CLANG_WARN_DEPRECATED_OBJC_IMPLEMENTATIONS = YES;
				CLANG_WARN_DIRECT_OBJC_ISA_USAGE = YES_ERROR;
				CLANG_WARN_DOCUMENTATION_COMMENTS = YES;
				CLANG_WARN_EMPTY_BODY = YES;
				CLANG_WARN_ENUM_CONVERSION = YES;
				CLANG_WARN_INFINITE_RECURSION = YES;
				CLANG_WARN_INT_CONVERSION = YES;
				CLANG_WARN_NON_LITERAL_NULL_CONVERSION = YES;
				CLANG_WARN_OBJC_IMPLICIT_RETAIN_SELF = YES;
				CLANG_WARN_OBJC_LITERAL_CONVERSION = YES;
				CLANG_WARN_OBJC_ROOT_CLASS = YES_ERROR;
				CLANG_WARN_RANGE_LOOP_ANALYSIS = YES;
				CLANG_WARN_STRICT_PROTOTYPES = YES;
				CLANG_WARN_SUSPICIOUS_MOVE = YES;
				CLANG_WARN_UNGUARDED_AVAILABILITY = YES_AGGRESSIVE;
				CLANG_WARN_UNREACHABLE_CODE = YES;
				CLANG_WARN__DUPLICATE_METHOD_MATCH = YES;
				CODE_SIGN_IDENTITY = "iPhone Developer";
				COPY_PHASE_STRIP = NO;
				DEBUG_INFORMATION_FORMAT = dwarf;
				ENABLE_STRICT_OBJC_MSGSEND = YES;
				ENABLE_TESTABILITY = YES;
				GCC_C_LANGUAGE_STANDARD = gnu11;
				GCC_DYNAMIC_NO_PIC = NO;
				GCC_NO_COMMON_BLOCKS = YES;
				GCC_OPTIMIZATION_LEVEL = 0;
				GCC_PREPROCESSOR_DEFINITIONS = (
					"DEBUG=1",
					"$(inherited)",
				);
				GCC_WARN_64_TO_32_BIT_CONVERSION = YES;
				GCC_WARN_ABOUT_RETURN_TYPE = YES_ERROR;
				GCC_WARN_UNDECLARED_SELECTOR = YES;
				GCC_WARN_UNINITIALIZED_AUTOS = YES_AGGRESSIVE;
				GCC_WARN_UNUSED_FUNCTION = YES;
				GCC_WARN_UNUSED_VARIABLE = YES;
				IPHONEOS_DEPLOYMENT_TARGET = 12.1;
				MTL_ENABLE_DEBUG_INFO = INCLUDE_SOURCE;
				MTL_FAST_MATH = YES;
				ONLY_ACTIVE_ARCH = YES;
				SDKROOT = iphoneos;
				SWIFT_ACTIVE_COMPILATION_CONDITIONS = DEBUG;
				SWIFT_OPTIMIZATION_LEVEL = "-Onone";
			};
			name = Debug;
		};
		B63E83DF2215720700AEA1CA /* Release */ = {
			isa = XCBuildConfiguration;
			buildSettings = {
				ALWAYS_SEARCH_USER_PATHS = NO;
				CLANG_ANALYZER_NONNULL = YES;
				CLANG_ANALYZER_NUMBER_OBJECT_CONVERSION = YES_AGGRESSIVE;
				CLANG_CXX_LANGUAGE_STANDARD = "gnu++14";
				CLANG_CXX_LIBRARY = "libc++";
				CLANG_ENABLE_MODULES = YES;
				CLANG_ENABLE_OBJC_ARC = YES;
				CLANG_ENABLE_OBJC_WEAK = YES;
				CLANG_WARN_BLOCK_CAPTURE_AUTORELEASING = YES;
				CLANG_WARN_BOOL_CONVERSION = YES;
				CLANG_WARN_COMMA = YES;
				CLANG_WARN_CONSTANT_CONVERSION = YES;
				CLANG_WARN_DEPRECATED_OBJC_IMPLEMENTATIONS = YES;
				CLANG_WARN_DIRECT_OBJC_ISA_USAGE = YES_ERROR;
				CLANG_WARN_DOCUMENTATION_COMMENTS = YES;
				CLANG_WARN_EMPTY_BODY = YES;
				CLANG_WARN_ENUM_CONVERSION = YES;
				CLANG_WARN_INFINITE_RECURSION = YES;
				CLANG_WARN_INT_CONVERSION = YES;
				CLANG_WARN_NON_LITERAL_NULL_CONVERSION = YES;
				CLANG_WARN_OBJC_IMPLICIT_RETAIN_SELF = YES;
				CLANG_WARN_OBJC_LITERAL_CONVERSION = YES;
				CLANG_WARN_OBJC_ROOT_CLASS = YES_ERROR;
				CLANG_WARN_RANGE_LOOP_ANALYSIS = YES;
				CLANG_WARN_STRICT_PROTOTYPES = YES;
				CLANG_WARN_SUSPICIOUS_MOVE = YES;
				CLANG_WARN_UNGUARDED_AVAILABILITY = YES_AGGRESSIVE;
				CLANG_WARN_UNREACHABLE_CODE = YES;
				CLANG_WARN__DUPLICATE_METHOD_MATCH = YES;
				CODE_SIGN_IDENTITY = "iPhone Developer";
				COPY_PHASE_STRIP = NO;
				DEBUG_INFORMATION_FORMAT = "dwarf-with-dsym";
				ENABLE_NS_ASSERTIONS = NO;
				ENABLE_STRICT_OBJC_MSGSEND = YES;
				GCC_C_LANGUAGE_STANDARD = gnu11;
				GCC_NO_COMMON_BLOCKS = YES;
				GCC_WARN_64_TO_32_BIT_CONVERSION = YES;
				GCC_WARN_ABOUT_RETURN_TYPE = YES_ERROR;
				GCC_WARN_UNDECLARED_SELECTOR = YES;
				GCC_WARN_UNINITIALIZED_AUTOS = YES_AGGRESSIVE;
				GCC_WARN_UNUSED_FUNCTION = YES;
				GCC_WARN_UNUSED_VARIABLE = YES;
				IPHONEOS_DEPLOYMENT_TARGET = 12.1;
				MTL_ENABLE_DEBUG_INFO = NO;
				MTL_FAST_MATH = YES;
				SDKROOT = iphoneos;
				SWIFT_COMPILATION_MODE = wholemodule;
				SWIFT_OPTIMIZATION_LEVEL = "-O";
				VALIDATE_PRODUCT = YES;
			};
			name = Release;
		};
		B63E83E12215720700AEA1CA /* Debug */ = {
			isa = XCBuildConfiguration;
			buildSettings = {
				ASSETCATALOG_COMPILER_APPICON_NAME = AppIcon;
				CODE_SIGN_STYLE = Automatic;
				FRAMEWORK_SEARCH_PATHS = (
					"$(inherited)",
					"$(PROJECT_DIR)/Carthage/Build/iOS",
				);
				INFOPLIST_FILE = GitHubClient/Info.plist;
				LD_RUNPATH_SEARCH_PATHS = (
					"$(inherited)",
					"@executable_path/Frameworks",
				);
				PRODUCT_BUNDLE_IDENTIFIER = suwa.yuki.sample.GitHubClient;
				PRODUCT_NAME = "$(TARGET_NAME)";
				SWIFT_VERSION = 4.2;
				TARGETED_DEVICE_FAMILY = "1,2";
			};
			name = Debug;
		};
		B63E83E22215720700AEA1CA /* Release */ = {
			isa = XCBuildConfiguration;
			buildSettings = {
				ASSETCATALOG_COMPILER_APPICON_NAME = AppIcon;
				CODE_SIGN_STYLE = Automatic;
				FRAMEWORK_SEARCH_PATHS = (
					"$(inherited)",
					"$(PROJECT_DIR)/Carthage/Build/iOS",
				);
				INFOPLIST_FILE = GitHubClient/Info.plist;
				LD_RUNPATH_SEARCH_PATHS = (
					"$(inherited)",
					"@executable_path/Frameworks",
				);
				PRODUCT_BUNDLE_IDENTIFIER = suwa.yuki.sample.GitHubClient;
				PRODUCT_NAME = "$(TARGET_NAME)";
				SWIFT_VERSION = 4.2;
				TARGETED_DEVICE_FAMILY = "1,2";
			};
			name = Release;
		};
/* End XCBuildConfiguration section */

/* Begin XCConfigurationList section */
		B63E83C92215720200AEA1CA /* Build configuration list for PBXProject "GitHubClient" */ = {
			isa = XCConfigurationList;
			buildConfigurations = (
				B63E83DE2215720700AEA1CA /* Debug */,
				B63E83DF2215720700AEA1CA /* Release */,
			);
			defaultConfigurationIsVisible = 0;
			defaultConfigurationName = Release;
		};
		B63E83E02215720700AEA1CA /* Build configuration list for PBXNativeTarget "GitHubClient" */ = {
			isa = XCConfigurationList;
			buildConfigurations = (
				B63E83E12215720700AEA1CA /* Debug */,
				B63E83E22215720700AEA1CA /* Release */,
			);
			defaultConfigurationIsVisible = 0;
			defaultConfigurationName = Release;
		};
/* End XCConfigurationList section */
	};
	rootObject = B63E83C62215720200AEA1CA /* Project object */;
}
